
Microsoft Visual Studio Solution File, Format Version 12.00
# Visual Studio Version 17
VisualStudioVersion = 17.11.35222.181
MinimumVisualStudioVersion = 10.0.40219.1
Project("{FAE04EC0-301F-11D3-BF4B-00C04F79EFBC}") = "BlazorAppTask1", "BlazorAppTask1.csproj", "{DE6059C4-197F-4CF3-AC9D-700C6B06A646}"
EndProject
Global
	GlobalSection(SolutionConfigurationPlatforms) = preSolution
		Debug|Any CPU = Debug|Any CPU
		Release|Any CPU = Release|Any CPU
	EndGlobalSection
	GlobalSection(ProjectConfigurationPlatforms) = postSolution
		{DE6059C4-197F-4CF3-AC9D-700C6B06A646}.Debug|Any CPU.ActiveCfg = Debug|Any CPU
		{DE6059C4-197F-4CF3-AC9D-700C6B06A646}.Debug|Any CPU.Build.0 = Debug|Any CPU
		{DE6059C4-197F-4CF3-AC9D-700C6B06A646}.Release|Any CPU.ActiveCfg = Release|Any CPU
		{DE6059C4-197F-4CF3-AC9D-700C6B06A646}.Release|Any CPU.Build.0 = Release|Any CPU
	EndGlobalSection
	GlobalSection(SolutionProperties) = preSolution
		HideSolutionNode = FALSE
	EndGlobalSection
	GlobalSection(ExtensibilityGlobals) = postSolution
		SolutionGuid = {35141291-CEE9-4ED8-AB73-95653089EA02}
	EndGlobalSection
EndGlobal
